
Microsoft Visual Studio Solution File, Format Version 12.00
# Visual Studio Version 17
VisualStudioVersion = 17.14.36310.24 d17.14
MinimumVisualStudioVersion = 10.0.40219.1
Project("{FAE04EC0-301F-11D3-BF4B-00C04F79EFBC}") = "MovieStore_MVC", "MovieStore_MVC\MovieStore_MVC.csproj", "{C8BD223D-D0A3-4D54-8AF9-9FE4B47A8246}"
EndProject
Global
	GlobalSection(SolutionConfigurationPlatforms) = preSolution
		Debug|Any CPU = Debug|Any CPU
		Release|Any CPU = Release|Any CPU
	EndGlobalSection
	GlobalSection(ProjectConfigurationPlatforms) = postSolution
		{C8BD223D-D0A3-4D54-8AF9-9FE4B47A8246}.Debug|Any CPU.ActiveCfg = Debug|Any CPU
		{C8BD223D-D0A3-4D54-8AF9-9FE4B47A8246}.Debug|Any CPU.Build.0 = Debug|Any CPU
		{C8BD223D-D0A3-4D54-8AF9-9FE4B47A8246}.Release|Any CPU.ActiveCfg = Release|Any CPU
		{C8BD223D-D0A3-4D54-8AF9-9FE4B47A8246}.Release|Any CPU.Build.0 = Release|Any CPU
	EndGlobalSection
	GlobalSection(SolutionProperties) = preSolution
		HideSolutionNode = FALSE
	EndGlobalSection
	GlobalSection(ExtensibilityGlobals) = postSolution
		SolutionGuid = {6C00F2FE-D2AD-4F5B-827C-0D1DE68698BB}
	EndGlobalSection
EndGlobal
